
Microsoft Visual Studio Solution File, Format Version 12.00
# Visual Studio 15
VisualStudioVersion = 15.0.28307.902
MinimumVisualStudioVersion = 10.0.40219.1
Project("{FAE04EC0-301F-11D3-BF4B-00C04F79EFBC}") = "SingleResponsibility", "SingleResponsibility\SingleResponsibility.csproj", "{BD10C66A-8638-4A4B-882E-255D2420DBEA}"
EndProject
Project("{FAE04EC0-301F-11D3-BF4B-00C04F79EFBC}") = "OpenClosed", "OpenClosed\OpenClosed.csproj", "{D4D79451-3399-436F-9B41-9B41C93FB43E}"
EndProject
Project("{FAE04EC0-301F-11D3-BF4B-00C04F79EFBC}") = "LiskovSubstitution", "LiskovSubstitution\LiskovSubstitution.csproj", "{2E01A678-C7C3-42FE-A38A-B5C4C0A5B2F7}"
EndProject
Project("{FAE04EC0-301F-11D3-BF4B-00C04F79EFBC}") = "InterfaceSegregation", "InterfaceSegregation\InterfaceSegregation.csproj", "{BC75DEE0-FAA9-42BF-82A7-6B07650643AA}"
EndProject
Global
	GlobalSection(SolutionConfigurationPlatforms) = preSolution
		Debug|Any CPU = Debug|Any CPU
		Release|Any CPU = Release|Any CPU
	EndGlobalSection
	GlobalSection(ProjectConfigurationPlatforms) = postSolution
		{BD10C66A-8638-4A4B-882E-255D2420DBEA}.Debug|Any CPU.ActiveCfg = Debug|Any CPU
		{BD10C66A-8638-4A4B-882E-255D2420DBEA}.Debug|Any CPU.Build.0 = Debug|Any CPU
		{BD10C66A-8638-4A4B-882E-255D2420DBEA}.Release|Any CPU.ActiveCfg = Release|Any CPU
		{BD10C66A-8638-4A4B-882E-255D2420DBEA}.Release|Any CPU.Build.0 = Release|Any CPU
		{D4D79451-3399-436F-9B41-9B41C93FB43E}.Debug|Any CPU.ActiveCfg = Debug|Any CPU
		{D4D79451-3399-436F-9B41-9B41C93FB43E}.Debug|Any CPU.Build.0 = Debug|Any CPU
		{D4D79451-3399-436F-9B41-9B41C93FB43E}.Release|Any CPU.ActiveCfg = Release|Any CPU
		{D4D79451-3399-436F-9B41-9B41C93FB43E}.Release|Any CPU.Build.0 = Release|Any CPU
		{2E01A678-C7C3-42FE-A38A-B5C4C0A5B2F7}.Debug|Any CPU.ActiveCfg = Debug|Any CPU
		{2E01A678-C7C3-42FE-A38A-B5C4C0A5B2F7}.Debug|Any CPU.Build.0 = Debug|Any CPU
		{2E01A678-C7C3-42FE-A38A-B5C4C0A5B2F7}.Release|Any CPU.ActiveCfg = Release|Any CPU
		{2E01A678-C7C3-42FE-A38A-B5C4C0A5B2F7}.Release|Any CPU.Build.0 = Release|Any CPU
		{BC75DEE0-FAA9-42BF-82A7-6B07650643AA}.Debug|Any CPU.ActiveCfg = Debug|Any CPU
		{BC75DEE0-FAA9-42BF-82A7-6B07650643AA}.Debug|Any CPU.Build.0 = Debug|Any CPU
		{BC75DEE0-FAA9-42BF-82A7-6B07650643AA}.Release|Any CPU.ActiveCfg = Release|Any CPU
		{BC75DEE0-FAA9-42BF-82A7-6B07650643AA}.Release|Any CPU.Build.0 = Release|Any CPU
	EndGlobalSection
	GlobalSection(SolutionProperties) = preSolution
		HideSolutionNode = FALSE
	EndGlobalSection
	GlobalSection(ExtensibilityGlobals) = postSolution
		SolutionGuid = {194F51C1-3E02-45F4-9E70-9324981E5F63}
	EndGlobalSection
EndGlobal
